
Microsoft Visual Studio Solution File, Format Version 12.00
# Visual Studio Version 17
VisualStudioVersion = 17.2.32516.85
MinimumVisualStudioVersion = 10.0.40219.1
Project("{FAE04EC0-301F-11D3-BF4B-00C04F79EFBC}") = "Utility-Plumber", "Utility-Plumber\Utility-Plumber.csproj", "{8C0A6C31-7C51-455C-81EC-94609B11CA56}"
EndProject
Global
	GlobalSection(SolutionConfigurationPlatforms) = preSolution
		Debug|Any CPU = Debug|Any CPU
		Release|Any CPU = Release|Any CPU
	EndGlobalSection
	GlobalSection(ProjectConfigurationPlatforms) = postSolution
		{8C0A6C31-7C51-455C-81EC-94609B11CA56}.Debug|Any CPU.ActiveCfg = Debug|Any CPU
		{8C0A6C31-7C51-455C-81EC-94609B11CA56}.Debug|Any CPU.Build.0 = Debug|Any CPU
		{8C0A6C31-7C51-455C-81EC-94609B11CA56}.Release|Any CPU.ActiveCfg = Release|Any CPU
		{8C0A6C31-7C51-455C-81EC-94609B11CA56}.Release|Any CPU.Build.0 = Release|Any CPU
	EndGlobalSection
	GlobalSection(SolutionProperties) = preSolution
		HideSolutionNode = FALSE
	EndGlobalSection
	GlobalSection(ExtensibilityGlobals) = postSolution
		SolutionGuid = {65216133-9F29-474F-B3FA-A105EE9E2125}
	EndGlobalSection
EndGlobal
